// !$*UTF8*$!
{
	archiveVersion = 1;
	classes = {
	};
	objectVersion = 56;
	objects = {

/* Begin PBXBuildFile section */
		3CBF87E92C51D654005FE80D /* AppDelegate.swift in Sources */ = {isa = PBXBuildFile; fileRef = 3CBF87E82C51D654005FE80D /* AppDelegate.swift */; };
		3CBF87EB2C51D654005FE80D /* SceneDelegate.swift in Sources */ = {isa = PBXBuildFile; fileRef = 3CBF87EA2C51D654005FE80D /* SceneDelegate.swift */; };
		3CBF87ED2C51D654005FE80D /* FeedViewController.swift in Sources */ = {isa = PBXBuildFile; fileRef = 3CBF87EC2C51D654005FE80D /* FeedViewController.swift */; };
		3CBF87F02C51D654005FE80D /* Base in Resources */ = {isa = PBXBuildFile; fileRef = 3CBF87EF2C51D654005FE80D /* Base */; };
		3CBF87F22C51D656005FE80D /* Assets.xcassets in Resources */ = {isa = PBXBuildFile; fileRef = 3CBF87F12C51D656005FE80D /* Assets.xcassets */; };
		3CBF87F52C51D656005FE80D /* Base in Resources */ = {isa = PBXBuildFile; fileRef = 3CBF87F42C51D656005FE80D /* Base */; };
		3CBF87FD2C51EA80005FE80D /* Post.swift in Sources */ = {isa = PBXBuildFile; fileRef = 3CBF87FC2C51EA80005FE80D /* Post.swift */; };
		3CBF87FF2C51EB44005FE80D /* GoogleService-Info.plist in Resources */ = {isa = PBXBuildFile; fileRef = 3CBF87FE2C51EB44005FE80D /* GoogleService-Info.plist */; };
		3CBF88012C52262F005FE80D /* PostTableViewCell.swift in Sources */ = {isa = PBXBuildFile; fileRef = 3CBF88002C52262F005FE80D /* PostTableViewCell.swift */; };
		3CBF88032C522C85005FE80D /* NewPostViewController.swift in Sources */ = {isa = PBXBuildFile; fileRef = 3CBF88022C522C85005FE80D /* NewPostViewController.swift */; };
		3CBF88052C5323A9005FE80D /* ProfileViewController.swift in Sources */ = {isa = PBXBuildFile; fileRef = 3CBF88042C5323A9005FE80D /* ProfileViewController.swift */; };
		455BCA6959D24F2083077528 /* Pods_Socially_UIKit.framework in Frameworks */ = {isa = PBXBuildFile; fileRef = 1C0C2433D65FBD9F94F1839E /* Pods_Socially_UIKit.framework */; };
/* End PBXBuildFile section */

/* Begin PBXFileReference section */
		128A1676AF834091C7CE0CAD /* Pods-Socially-UIKit.release.xcconfig */ = {isa = PBXFileReference; includeInIndex = 1; lastKnownFileType = text.xcconfig; name = "Pods-Socially-UIKit.release.xcconfig"; path = "Target Support Files/Pods-Socially-UIKit/Pods-Socially-UIKit.release.xcconfig"; sourceTree = "<group>"; };
		1C0C2433D65FBD9F94F1839E /* Pods_Socially_UIKit.framework */ = {isa = PBXFileReference; explicitFileType = wrapper.framework; includeInIndex = 0; path = Pods_Socially_UIKit.framework; sourceTree = BUILT_PRODUCTS_DIR; };
		3CBF87E52C51D654005FE80D /* Socially-UIKit.app */ = {isa = PBXFileReference; explicitFileType = wrapper.application; includeInIndex = 0; path = "Socially-UIKit.app"; sourceTree = BUILT_PRODUCTS_DIR; };
		3CBF87E82C51D654005FE80D /* AppDelegate.swift */ = {isa = PBXFileReference; lastKnownFileType = sourcecode.swift; path = AppDelegate.swift; sourceTree = "<group>"; };
		3CBF87EA2C51D654005FE80D /* SceneDelegate.swift */ = {isa = PBXFileReference; lastKnownFileType = sourcecode.swift; path = SceneDelegate.swift; sourceTree = "<group>"; };
		3CBF87EC2C51D654005FE80D /* FeedViewController.swift */ = {isa = PBXFileReference; lastKnownFileType = sourcecode.swift; path = FeedViewController.swift; sourceTree = "<group>"; };
		3CBF87EF2C51D654005FE80D /* Base */ = {isa = PBXFileReference; lastKnownFileType = file.storyboard; name = Base; path = Base.lproj/Main.storyboard; sourceTree = "<group>"; };
		3CBF87F12C51D656005FE80D /* Assets.xcassets */ = {isa = PBXFileReference; lastKnownFileType = folder.assetcatalog; path = Assets.xcassets; sourceTree = "<group>"; };
		3CBF87F42C51D656005FE80D /* Base */ = {isa = PBXFileReference; lastKnownFileType = file.storyboard; name = Base; path = Base.lproj/LaunchScreen.storyboard; sourceTree = "<group>"; };
		3CBF87F62C51D656005FE80D /* Info.plist */ = {isa = PBXFileReference; lastKnownFileType = text.plist.xml; path = Info.plist; sourceTree = "<group>"; };
		3CBF87FC2C51EA80005FE80D /* Post.swift */ = {isa = PBXFileReference; lastKnownFileType = sourcecode.swift; path = Post.swift; sourceTree = "<group>"; };
		3CBF87FE2C51EB44005FE80D /* GoogleService-Info.plist */ = {isa = PBXFileReference; fileEncoding = 4; lastKnownFileType = text.plist.xml; name = "GoogleService-Info.plist"; path = "../../GoogleService-Info.plist"; sourceTree = "<group>"; };
		3CBF88002C52262F005FE80D /* PostTableViewCell.swift */ = {isa = PBXFileReference; lastKnownFileType = sourcecode.swift; path = PostTableViewCell.swift; sourceTree = "<group>"; };
		3CBF88022C522C85005FE80D /* NewPostViewController.swift */ = {isa = PBXFileReference; lastKnownFileType = sourcecode.swift; path = NewPostViewController.swift; sourceTree = "<group>"; };
		3CBF88042C5323A9005FE80D /* ProfileViewController.swift */ = {isa = PBXFileReference; lastKnownFileType = sourcecode.swift; path = ProfileViewController.swift; sourceTree = "<group>"; };
		F14BB7443286BA813DC25414 /* Pods-Socially-UIKit.debug.xcconfig */ = {isa = PBXFileReference; includeInIndex = 1; lastKnownFileType = text.xcconfig; name = "Pods-Socially-UIKit.debug.xcconfig"; path = "Target Support Files/Pods-Socially-UIKit/Pods-Socially-UIKit.debug.xcconfig"; sourceTree = "<group>"; };
/* End PBXFileReference section */

/* Begin PBXFrameworksBuildPhase section */
		3CBF87E22C51D654005FE80D /* Frameworks */ = {
			isa = PBXFrameworksBuildPhase;
			buildActionMask = 2147483647;
			files = (
				455BCA6959D24F2083077528 /* Pods_Socially_UIKit.framework in Frameworks */,
			);
			runOnlyForDeploymentPostprocessing = 0;
		};
/* End PBXFrameworksBuildPhase section */

/* Begin PBXGroup section */
		3CBF87DC2C51D654005FE80D = {
			isa = PBXGroup;
			children = (
				3CBF87E72C51D654005FE80D /* Socially-UIKit */,
				3CBF87E62C51D654005FE80D /* Products */,
				40151EB5BAB7A2D9F1DC0A39 /* Pods */,
				7C10CBEA45874BFAFEBD1600 /* Frameworks */,
			);
			sourceTree = "<group>";
		};
		3CBF87E62C51D654005FE80D /* Products */ = {
			isa = PBXGroup;
			children = (
				3CBF87E52C51D654005FE80D /* Socially-UIKit.app */,
			);
			name = Products;
			sourceTree = "<group>";
		};
		3CBF87E72C51D654005FE80D /* Socially-UIKit */ = {
			isa = PBXGroup;
			children = (
				3CBF87E82C51D654005FE80D /* AppDelegate.swift */,
				3CBF87FC2C51EA80005FE80D /* Post.swift */,
				3CBF87EA2C51D654005FE80D /* SceneDelegate.swift */,
				3CBF87EC2C51D654005FE80D /* FeedViewController.swift */,
				3CBF88042C5323A9005FE80D /* ProfileViewController.swift */,
				3CBF88002C52262F005FE80D /* PostTableViewCell.swift */,
				3CBF88022C522C85005FE80D /* NewPostViewController.swift */,
				3CBF87EE2C51D654005FE80D /* Main.storyboard */,
				3CBF87F12C51D656005FE80D /* Assets.xcassets */,
				3CBF87F32C51D656005FE80D /* LaunchScreen.storyboard */,
				3CBF87F62C51D656005FE80D /* Info.plist */,
				3CBF87FE2C51EB44005FE80D /* GoogleService-Info.plist */,
			);
			path = "Socially-UIKit";
			sourceTree = "<group>";
		};
		40151EB5BAB7A2D9F1DC0A39 /* Pods */ = {
			isa = PBXGroup;
			children = (
				F14BB7443286BA813DC25414 /* Pods-Socially-UIKit.debug.xcconfig */,
				128A1676AF834091C7CE0CAD /* Pods-Socially-UIKit.release.xcconfig */,
			);
			path = Pods;
			sourceTree = "<group>";
		};
		7C10CBEA45874BFAFEBD1600 /* Frameworks */ = {
			isa = PBXGroup;
			children = (
				1C0C2433D65FBD9F94F1839E /* Pods_Socially_UIKit.framework */,
			);
			name = Frameworks;
			sourceTree = "<group>";
		};
/* End PBXGroup section */

/* Begin PBXNativeTarget section */
		3CBF87E42C51D654005FE80D /* Socially-UIKit */ = {
			isa = PBXNativeTarget;
			buildConfigurationList = 3CBF87F92C51D656005FE80D /* Build configuration list for PBXNativeTarget "Socially-UIKit" */;
			buildPhases = (
				C637F28CEF0ACAEE7963BB7D /* [CP] Check Pods Manifest.lock */,
				3CBF87E12C51D654005FE80D /* Sources */,
				3CBF87E22C51D654005FE80D /* Frameworks */,
				3CBF87E32C51D654005FE80D /* Resources */,
				1BE519DE6399174888924AF4 /* [CP] Embed Pods Frameworks */,
			);
			buildRules = (
			);
			dependencies = (
			);
			name = "Socially-UIKit";
			productName = "Socially-UIKit";
			productReference = 3CBF87E52C51D654005FE80D /* Socially-UIKit.app */;
			productType = "com.apple.product-type.application";
		};
/* End PBXNativeTarget section */

/* Begin PBXProject section */
		3CBF87DD2C51D654005FE80D /* Project object */ = {
			isa = PBXProject;
			attributes = {
				BuildIndependentTargetsInParallel = 1;
				LastSwiftUpdateCheck = 1540;
				LastUpgradeCheck = 1540;
				TargetAttributes = {
					3CBF87E42C51D654005FE80D = {
						CreatedOnToolsVersion = 15.4;
					};
				};
			};
			buildConfigurationList = 3CBF87E02C51D654005FE80D /* Build configuration list for PBXProject "Socially-UIKit" */;
			compatibilityVersion = "Xcode 14.0";
			developmentRegion = en;
			hasScannedForEncodings = 0;
			knownRegions = (
				en,
				Base,
			);
			mainGroup = 3CBF87DC2C51D654005FE80D;
			productRefGroup = 3CBF87E62C51D654005FE80D /* Products */;
			projectDirPath = "";
			projectRoot = "";
			targets = (
				3CBF87E42C51D654005FE80D /* Socially-UIKit */,
			);
		};
/* End PBXProject section */

/* Begin PBXResourcesBuildPhase section */
		3CBF87E32C51D654005FE80D /* Resources */ = {
			isa = PBXResourcesBuildPhase;
			buildActionMask = 2147483647;
			files = (
				3CBF87F22C51D656005FE80D /* Assets.xcassets in Resources */,
				3CBF87FF2C51EB44005FE80D /* GoogleService-Info.plist in Resources */,
				3CBF87F52C51D656005FE80D /* Base in Resources */,
				3CBF87F02C51D654005FE80D /* Base in Resources */,
			);
			runOnlyForDeploymentPostprocessing = 0;
		};
/* End PBXResourcesBuildPhase section */

/* Begin PBXShellScriptBuildPhase section */
		1BE519DE6399174888924AF4 /* [CP] Embed Pods Frameworks */ = {
			isa = PBXShellScriptBuildPhase;
			buildActionMask = 2147483647;
			files = (
			);
			inputFileListPaths = (
				"${PODS_ROOT}/Target Support Files/Pods-Socially-UIKit/Pods-Socially-UIKit-frameworks-${CONFIGURATION}-input-files.xcfilelist",
			);
			name = "[CP] Embed Pods Frameworks";
			outputFileListPaths = (
				"${PODS_ROOT}/Target Support Files/Pods-Socially-UIKit/Pods-Socially-UIKit-frameworks-${CONFIGURATION}-output-files.xcfilelist",
			);
			runOnlyForDeploymentPostprocessing = 0;
			shellPath = /bin/sh;
			shellScript = "\"${PODS_ROOT}/Target Support Files/Pods-Socially-UIKit/Pods-Socially-UIKit-frameworks.sh\"\n";
			showEnvVarsInLog = 0;
		};
		C637F28CEF0ACAEE7963BB7D /* [CP] Check Pods Manifest.lock */ = {
			isa = PBXShellScriptBuildPhase;
			buildActionMask = 2147483647;
			files = (
			);
			inputFileListPaths = (
			);
			inputPaths = (
				"${PODS_PODFILE_DIR_PATH}/Podfile.lock",
				"${PODS_ROOT}/Manifest.lock",
			);
			name = "[CP] Check Pods Manifest.lock";
			outputFileListPaths = (
			);
			outputPaths = (
				"$(DERIVED_FILE_DIR)/Pods-Socially-UIKit-checkManifestLockResult.txt",
			);
			runOnlyForDeploymentPostprocessing = 0;
			shellPath = /bin/sh;
			shellScript = "diff \"${PODS_PODFILE_DIR_PATH}/Podfile.lock\" \"${PODS_ROOT}/Manifest.lock\" > /dev/null\nif [ $? != 0 ] ; then\n    # print error to STDERR\n    echo \"error: The sandbox is not in sync with the Podfile.lock. Run 'pod install' or update your CocoaPods installation.\" >&2\n    exit 1\nfi\n# This output is used by Xcode 'outputs' to avoid re-running this script phase.\necho \"SUCCESS\" > \"${SCRIPT_OUTPUT_FILE_0}\"\n";
			showEnvVarsInLog = 0;
		};
/* End PBXShellScriptBuildPhase section */

/* Begin PBXSourcesBuildPhase section */
		3CBF87E12C51D654005FE80D /* Sources */ = {
			isa = PBXSourcesBuildPhase;
			buildActionMask = 2147483647;
			files = (
				3CBF87ED2C51D654005FE80D /* FeedViewController.swift in Sources */,
				3CBF87E92C51D654005FE80D /* AppDelegate.swift in Sources */,
				3CBF88012C52262F005FE80D /* PostTableViewCell.swift in Sources */,
				3CBF87EB2C51D654005FE80D /* SceneDelegate.swift in Sources */,
				3CBF88052C5323A9005FE80D /* ProfileViewController.swift in Sources */,
				3CBF87FD2C51EA80005FE80D /* Post.swift in Sources */,
				3CBF88032C522C85005FE80D /* NewPostViewController.swift in Sources */,
			);
			runOnlyForDeploymentPostprocessing = 0;
		};
/* End PBXSourcesBuildPhase section */

/* Begin PBXVariantGroup section */
		3CBF87EE2C51D654005FE80D /* Main.storyboard */ = {
			isa = PBXVariantGroup;
			children = (
				3CBF87EF2C51D654005FE80D /* Base */,
			);
			name = Main.storyboard;
			sourceTree = "<group>";
		};
		3CBF87F32C51D656005FE80D /* LaunchScreen.storyboard */ = {
			isa = PBXVariantGroup;
			children = (
				3CBF87F42C51D656005FE80D /* Base */,
			);
			name = LaunchScreen.storyboard;
			sourceTree = "<group>";
		};
/* End PBXVariantGroup section */

/* Begin XCBuildConfiguration section */
		3CBF87F72C51D656005FE80D /* Debug */ = {
			isa = XCBuildConfiguration;
			buildSettings = {
				ALWAYS_SEARCH_USER_PATHS = NO;
				ASSETCATALOG_COMPILER_GENERATE_SWIFT_ASSET_SYMBOL_EXTENSIONS = YES;
				CLANG_ANALYZER_NONNULL = YES;
				CLANG_ANALYZER_NUMBER_OBJECT_CONVERSION = YES_AGGRESSIVE;
				CLANG_CXX_LANGUAGE_STANDARD = "gnu++20";
				CLANG_ENABLE_MODULES = YES;
				CLANG_ENABLE_OBJC_ARC = YES;
				CLANG_ENABLE_OBJC_WEAK = YES;
				CLANG_WARN_BLOCK_CAPTURE_AUTORELEASING = YES;
				CLANG_WARN_BOOL_CONVERSION = YES;
				CLANG_WARN_COMMA = YES;
				CLANG_WARN_CONSTANT_CONVERSION = YES;
				CLANG_WARN_DEPRECATED_OBJC_IMPLEMENTATIONS = YES;
				CLANG_WARN_DIRECT_OBJC_ISA_USAGE = YES_ERROR;
				CLANG_WARN_DOCUMENTATION_COMMENTS = YES;
				CLANG_WARN_EMPTY_BODY = YES;
				CLANG_WARN_ENUM_CONVERSION = YES;
				CLANG_WARN_INFINITE_RECURSION = YES;
				CLANG_WARN_INT_CONVERSION = YES;
				CLANG_WARN_NON_LITERAL_NULL_CONVERSION = YES;
				CLANG_WARN_OBJC_IMPLICIT_RETAIN_SELF = YES;
				CLANG_WARN_OBJC_LITERAL_CONVERSION = YES;
				CLANG_WARN_OBJC_ROOT_CLASS = YES_ERROR;
				CLANG_WARN_QUOTED_INCLUDE_IN_FRAMEWORK_HEADER = YES;
				CLANG_WARN_RANGE_LOOP_ANALYSIS = YES;
				CLANG_WARN_STRICT_PROTOTYPES = YES;
				CLANG_WARN_SUSPICIOUS_MOVE = YES;
				CLANG_WARN_UNGUARDED_AVAILABILITY = YES_AGGRESSIVE;
				CLANG_WARN_UNREACHABLE_CODE = YES;
				CLANG_WARN__DUPLICATE_METHOD_MATCH = YES;
				COPY_PHASE_STRIP = NO;
				DEBUG_INFORMATION_FORMAT = dwarf;
				ENABLE_STRICT_OBJC_MSGSEND = YES;
				ENABLE_TESTABILITY = YES;
				ENABLE_USER_SCRIPT_SANDBOXING = YES;
				GCC_C_LANGUAGE_STANDARD = gnu17;
				GCC_DYNAMIC_NO_PIC = NO;
				GCC_NO_COMMON_BLOCKS = YES;
				GCC_OPTIMIZATION_LEVEL = 0;
				GCC_PREPROCESSOR_DEFINITIONS = (
					"DEBUG=1",
					"$(inherited)",
				);
				GCC_WARN_64_TO_32_BIT_CONVERSION = YES;
				GCC_WARN_ABOUT_RETURN_TYPE = YES_ERROR;
				GCC_WARN_UNDECLARED_SELECTOR = YES;
				GCC_WARN_UNINITIALIZED_AUTOS = YES_AGGRESSIVE;
				GCC_WARN_UNUSED_FUNCTION = YES;
				GCC_WARN_UNUSED_VARIABLE = YES;
				IPHONEOS_DEPLOYMENT_TARGET = 17.5;
				LOCALIZATION_PREFERS_STRING_CATALOGS = YES;
				MTL_ENABLE_DEBUG_INFO = INCLUDE_SOURCE;
				MTL_FAST_MATH = YES;
				ONLY_ACTIVE_ARCH = YES;
				SDKROOT = iphoneos;
				SWIFT_ACTIVE_COMPILATION_CONDITIONS = "DEBUG $(inherited)";
				SWIFT_OPTIMIZATION_LEVEL = "-Onone";
			};
			name = Debug;
		};
		3CBF87F82C51D656005FE80D /* Release */ = {
			isa = XCBuildConfiguration;
			buildSettings = {
				ALWAYS_SEARCH_USER_PATHS = NO;
				ASSETCATALOG_COMPILER_GENERATE_SWIFT_ASSET_SYMBOL_EXTENSIONS = YES;
				CLANG_ANALYZER_NONNULL = YES;
				CLANG_ANALYZER_NUMBER_OBJECT_CONVERSION = YES_AGGRESSIVE;
				CLANG_CXX_LANGUAGE_STANDARD = "gnu++20";
				CLANG_ENABLE_MODULES = YES;
				CLANG_ENABLE_OBJC_ARC = YES;
				CLANG_ENABLE_OBJC_WEAK = YES;
				CLANG_WARN_BLOCK_CAPTURE_AUTORELEASING = YES;
				CLANG_WARN_BOOL_CONVERSION = YES;
				CLANG_WARN_COMMA = YES;
				CLANG_WARN_CONSTANT_CONVERSION = YES;
				CLANG_WARN_DEPRECATED_OBJC_IMPLEMENTATIONS = YES;
				CLANG_WARN_DIRECT_OBJC_ISA_USAGE = YES_ERROR;
				CLANG_WARN_DOCUMENTATION_COMMENTS = YES;
				CLANG_WARN_EMPTY_BODY = YES;
				CLANG_WARN_ENUM_CONVERSION = YES;
				CLANG_WARN_INFINITE_RECURSION = YES;
				CLANG_WARN_INT_CONVERSION = YES;
				CLANG_WARN_NON_LITERAL_NULL_CONVERSION = YES;
				CLANG_WARN_OBJC_IMPLICIT_RETAIN_SELF = YES;
				CLANG_WARN_OBJC_LITERAL_CONVERSION = YES;
				CLANG_WARN_OBJC_ROOT_CLASS = YES_ERROR;
				CLANG_WARN_QUOTED_INCLUDE_IN_FRAMEWORK_HEADER = YES;
				CLANG_WARN_RANGE_LOOP_ANALYSIS = YES;
				CLANG_WARN_STRICT_PROTOTYPES = YES;
				CLANG_WARN_SUSPICIOUS_MOVE = YES;
				CLANG_WARN_UNGUARDED_AVAILABILITY = YES_AGGRESSIVE;
				CLANG_WARN_UNREACHABLE_CODE = YES;
				CLANG_WARN__DUPLICATE_METHOD_MATCH = YES;
				COPY_PHASE_STRIP = NO;
				DEBUG_INFORMATION_FORMAT = "dwarf-with-dsym";
				ENABLE_NS_ASSERTIONS = NO;
				ENABLE_STRICT_OBJC_MSGSEND = YES;
				ENABLE_USER_SCRIPT_SANDBOXING = YES;
				GCC_C_LANGUAGE_STANDARD = gnu17;
				GCC_NO_COMMON_BLOCKS = YES;
				GCC_WARN_64_TO_32_BIT_CONVERSION = YES;
				GCC_WARN_ABOUT_RETURN_TYPE = YES_ERROR;
				GCC_WARN_UNDECLARED_SELECTOR = YES;
				GCC_WARN_UNINITIALIZED_AUTOS = YES_AGGRESSIVE;
				GCC_WARN_UNUSED_FUNCTION = YES;
				GCC_WARN_UNUSED_VARIABLE = YES;
				IPHONEOS_DEPLOYMENT_TARGET = 17.5;
				LOCALIZATION_PREFERS_STRING_CATALOGS = YES;
				MTL_ENABLE_DEBUG_INFO = NO;
				MTL_FAST_MATH = YES;
				SDKROOT = iphoneos;
				SWIFT_COMPILATION_MODE = wholemodule;
				VALIDATE_PRODUCT = YES;
			};
			name = Release;
		};
		3CBF87FA2C51D656005FE80D /* Debug */ = {
			isa = XCBuildConfiguration;
			baseConfigurationReference = F14BB7443286BA813DC25414 /* Pods-Socially-UIKit.debug.xcconfig */;
			buildSettings = {
				ASSETCATALOG_COMPILER_APPICON_NAME = AppIcon;
				ASSETCATALOG_COMPILER_GLOBAL_ACCENT_COLOR_NAME = AccentColor;
				CODE_SIGN_STYLE = Automatic;
				CURRENT_PROJECT_VERSION = 1;
				DEVELOPMENT_TEAM = B8D5M6C29N;
				ENABLE_USER_SCRIPT_SANDBOXING = NO;
				GENERATE_INFOPLIST_FILE = YES;
				INFOPLIST_FILE = "Socially-UIKit/Info.plist";
				INFOPLIST_KEY_UIApplicationSupportsIndirectInputEvents = YES;
				INFOPLIST_KEY_UILaunchStoryboardName = LaunchScreen;
				INFOPLIST_KEY_UIMainStoryboardFile = Main;
				INFOPLIST_KEY_UISupportedInterfaceOrientations_iPad = "UIInterfaceOrientationPortrait UIInterfaceOrientationPortraitUpsideDown UIInterfaceOrientationLandscapeLeft UIInterfaceOrientationLandscapeRight";
				INFOPLIST_KEY_UISupportedInterfaceOrientations_iPhone = "UIInterfaceOrientationPortrait UIInterfaceOrientationLandscapeLeft UIInterfaceOrientationLandscapeRight";
				LD_RUNPATH_SEARCH_PATHS = (
					"$(inherited)",
					"@executable_path/Frameworks",
				);
				MARKETING_VERSION = 1.0;
				PRODUCT_BUNDLE_IDENTIFIER = kr.co.codegrove.Socially;
				PRODUCT_NAME = "$(TARGET_NAME)";
				SWIFT_EMIT_LOC_STRINGS = YES;
				SWIFT_VERSION = 5.0;
				TARGETED_DEVICE_FAMILY = "1,2";
			};
			name = Debug;
		};
		3CBF87FB2C51D656005FE80D /* Release */ = {
			isa = XCBuildConfiguration;
			baseConfigurationReference = 128A1676AF834091C7CE0CAD /* Pods-Socially-UIKit.release.xcconfig */;
			buildSettings = {
				ASSETCATALOG_COMPILER_APPICON_NAME = AppIcon;
				ASSETCATALOG_COMPILER_GLOBAL_ACCENT_COLOR_NAME = AccentColor;
				CODE_SIGN_STYLE = Automatic;
				CURRENT_PROJECT_VERSION = 1;
				DEVELOPMENT_TEAM = B8D5M6C29N;
				ENABLE_USER_SCRIPT_SANDBOXING = NO;
				GENERATE_INFOPLIST_FILE = YES;
				INFOPLIST_FILE = "Socially-UIKit/Info.plist";
				INFOPLIST_KEY_UIApplicationSupportsIndirectInputEvents = YES;
				INFOPLIST_KEY_UILaunchStoryboardName = LaunchScreen;
				INFOPLIST_KEY_UIMainStoryboardFile = Main;
				INFOPLIST_KEY_UISupportedInterfaceOrientations_iPad = "UIInterfaceOrientationPortrait UIInterfaceOrientationPortraitUpsideDown UIInterfaceOrientationLandscapeLeft UIInterfaceOrientationLandscapeRight";
				INFOPLIST_KEY_UISupportedInterfaceOrientations_iPhone = "UIInterfaceOrientationPortrait UIInterfaceOrientationLandscapeLeft UIInterfaceOrientationLandscapeRight";
				LD_RUNPATH_SEARCH_PATHS = (
					"$(inherited)",
					"@executable_path/Frameworks",
				);
				MARKETING_VERSION = 1.0;
				PRODUCT_BUNDLE_IDENTIFIER = kr.co.codegrove.Socially;
				PRODUCT_NAME = "$(TARGET_NAME)";
				SWIFT_EMIT_LOC_STRINGS = YES;
				SWIFT_VERSION = 5.0;
				TARGETED_DEVICE_FAMILY = "1,2";
			};
			name = Release;
		};
/* End XCBuildConfiguration section */

/* Begin XCConfigurationList section */
		3CBF87E02C51D654005FE80D /* Build configuration list for PBXProject "Socially-UIKit" */ = {
			isa = XCConfigurationList;
			buildConfigurations = (
				3CBF87F72C51D656005FE80D /* Debug */,
				3CBF87F82C51D656005FE80D /* Release */,
			);
			defaultConfigurationIsVisible = 0;
			defaultConfigurationName = Release;
		};
		3CBF87F92C51D656005FE80D /* Build configuration list for PBXNativeTarget "Socially-UIKit" */ = {
			isa = XCConfigurationList;
			buildConfigurations = (
				3CBF87FA2C51D656005FE80D /* Debug */,
				3CBF87FB2C51D656005FE80D /* Release */,
			);
			defaultConfigurationIsVisible = 0;
			defaultConfigurationName = Release;
		};
/* End XCConfigurationList section */
	};
	rootObject = 3CBF87DD2C51D654005FE80D /* Project object */;
}
